{
  "name": "@jgtools/gridmap",
  "version": "1.0.0",
  "lockfileVersion": 2,
  "requires": true,
  "packages": {
    "": {
      "name": "@jgtools/gridmap",
      "version": "1.0.0",
      "license": "MIT",
      "dependencies": {
        "@jgtools/shg": "^1.0.4"
      },
      "devDependencies": {
        "typescript": "^4.9.4"
      }
    },
    "node_modules/@jgtools/shg": {
      "version": "1.0.4",
      "resolved": "https://registry.npmjs.org/@jgtools/shg/-/shg-1.0.4.tgz",
      "integrity": "sha512-/IdolchQ+9PRlS4GTI4PBhEQUjMfraV5QUBBKxOR6LiAxO5RCsCLqdBPepXZba1r/UM96kpHajxkdEGG86h3aw=="
    },
    "node_modules/typescript": {
      "version": "4.9.4",
      "resolved": "https://registry.npmjs.org/typescript/-/typescript-4.9.4.tgz",
      "integrity": "sha512-Uz+dTXYzxXXbsFpM86Wh3dKCxrQqUcVMxwU54orwlJjOpO3ao8L7j5lH+dWfTwgCwIuM9GQ2kvVotzYJMXTBZg==",
      "dev": true,
      "bin": {
        "tsc": "bin/tsc",
        "tsserver": "bin/tsserver"
      },
      "engines": {
        "node": ">=4.2.0"
      }
    }
  },
  "dependencies": {
    "@jgtools/shg": {
      "version": "1.0.4",
      "resolved": "https://registry.npmjs.org/@jgtools/shg/-/shg-1.0.4.tgz",
      "integrity": "sha512-/IdolchQ+9PRlS4GTI4PBhEQUjMfraV5QUBBKxOR6LiAxO5RCsCLqdBPepXZba1r/UM96kpHajxkdEGG86h3aw=="
    },
    "typescript": {
      "version": "4.9.4",
      "resolved": "https://registry.npmjs.org/typescript/-/typescript-4.9.4.tgz",
      "integrity": "sha512-Uz+dTXYzxXXbsFpM86Wh3dKCxrQqUcVMxwU54orwlJjOpO3ao8L7j5lH+dWfTwgCwIuM9GQ2kvVotzYJMXTBZg==",
      "dev": true
    }
  }
}
